
Microsoft Visual Studio Solution File, Format Version 12.00
# Visual Studio Version 16
VisualStudioVersion = 16.0.31205.134
MinimumVisualStudioVersion = 10.0.40219.1
Project("{FAE04EC0-301F-11D3-BF4B-00C04F79EFBC}") = "Agenda Tarefa", "Agenda Tarefa\Agenda Tarefa.csproj", "{699FD908-2E88-4419-A911-EACDE4F2E97B}"
EndProject
Global
	GlobalSection(SolutionConfigurationPlatforms) = preSolution
		Debug|Any CPU = Debug|Any CPU
		Release|Any CPU = Release|Any CPU
	EndGlobalSection
	GlobalSection(ProjectConfigurationPlatforms) = postSolution
		{699FD908-2E88-4419-A911-EACDE4F2E97B}.Debug|Any CPU.ActiveCfg = Debug|Any CPU
		{699FD908-2E88-4419-A911-EACDE4F2E97B}.Debug|Any CPU.Build.0 = Debug|Any CPU
		{699FD908-2E88-4419-A911-EACDE4F2E97B}.Release|Any CPU.ActiveCfg = Release|Any CPU
		{699FD908-2E88-4419-A911-EACDE4F2E97B}.Release|Any CPU.Build.0 = Release|Any CPU
	EndGlobalSection
	GlobalSection(SolutionProperties) = preSolution
		HideSolutionNode = FALSE
	EndGlobalSection
	GlobalSection(ExtensibilityGlobals) = postSolution
		SolutionGuid = {DEB899EA-C3D6-4680-A5C8-060F745AB2E5}
	EndGlobalSection
EndGlobal
